// !$*UTF8*$!
{
	archiveVersion = 1;
	classes = {
	};
	objectVersion = 77;
	objects = {

/* Begin PBXContainerItemProxy section */
		E5ABF9552E0A91DF00E0041B /* PBXContainerItemProxy */ = {
			isa = PBXContainerItemProxy;
			containerPortal = E5ABF93B2E0A91DC00E0041B /* Project object */;
			proxyType = 1;
			remoteGlobalIDString = E5ABF9422E0A91DC00E0041B;
			remoteInfo = MVSep;
		};
		E5ABF95F2E0A91DF00E0041B /* PBXContainerItemProxy */ = {
			isa = PBXContainerItemProxy;
			containerPortal = E5ABF93B2E0A91DC00E0041B /* Project object */;
			proxyType = 1;
			remoteGlobalIDString = E5ABF9422E0A91DC00E0041B;
			remoteInfo = MVSep;
		};
/* End PBXContainerItemProxy section */

/* Begin PBXFileReference section */
		E5ABF9432E0A91DC00E0041B /* MVSep.app */ = {isa = PBXFileReference; explicitFileType = wrapper.application; includeInIndex = 0; path = MVSep.app; sourceTree = BUILT_PRODUCTS_DIR; };
		E5ABF9542E0A91DF00E0041B /* MVSepTests.xctest */ = {isa = PBXFileReference; explicitFileType = wrapper.cfbundle; includeInIndex = 0; path = MVSepTests.xctest; sourceTree = BUILT_PRODUCTS_DIR; };
		E5ABF95E2E0A91DF00E0041B /* MVSepUITests.xctest */ = {isa = PBXFileReference; explicitFileType = wrapper.cfbundle; includeInIndex = 0; path = MVSepUITests.xctest; sourceTree = BUILT_PRODUCTS_DIR; };
/* End PBXFileReference section */

/* Begin PBXFileSystemSynchronizedRootGroup section */
		E5ABF9452E0A91DC00E0041B /* MVSep */ = {
			isa = PBXFileSystemSynchronizedRootGroup;
			path = MVSep;
			sourceTree = "<group>";
		};
		E5ABF9572E0A91DF00E0041B /* MVSepTests */ = {
			isa = PBXFileSystemSynchronizedRootGroup;
			path = MVSepTests;
			sourceTree = "<group>";
		};
		E5ABF9612E0A91DF00E0041B /* MVSepUITests */ = {
			isa = PBXFileSystemSynchronizedRootGroup;
			path = MVSepUITests;
			sourceTree = "<group>";
		};
/* End PBXFileSystemSynchronizedRootGroup section */

/* Begin PBXFrameworksBuildPhase section */
		E5ABF9402E0A91DC00E0041B /* Frameworks */ = {
			isa = PBXFrameworksBuildPhase;
			buildActionMask = 2147483647;
			files = (
			);
			runOnlyForDeploymentPostprocessing = 0;
		};
		E5ABF9512E0A91DF00E0041B /* Frameworks */ = {
			isa = PBXFrameworksBuildPhase;
			buildActionMask = 2147483647;
			files = (
			);
			runOnlyForDeploymentPostprocessing = 0;
		};
		E5ABF95B2E0A91DF00E0041B /* Frameworks */ = {
			isa = PBXFrameworksBuildPhase;
			buildActionMask = 2147483647;
			files = (
			);
			runOnlyForDeploymentPostprocessing = 0;
		};
/* End PBXFrameworksBuildPhase section */

/* Begin PBXGroup section */
		E5ABF93A2E0A91DC00E0041B = {
			isa = PBXGroup;
			children = (
				E5ABF9452E0A91DC00E0041B /* MVSep */,
				E5ABF9572E0A91DF00E0041B /* MVSepTests */,
				E5ABF9612E0A91DF00E0041B /* MVSepUITests */,
				E5ABF9442E0A91DC00E0041B /* Products */,
			);
			sourceTree = "<group>";
		};
		E5ABF9442E0A91DC00E0041B /* Products */ = {
			isa = PBXGroup;
			children = (
				E5ABF9432E0A91DC00E0041B /* MVSep.app */,
				E5ABF9542E0A91DF00E0041B /* MVSepTests.xctest */,
				E5ABF95E2E0A91DF00E0041B /* MVSepUITests.xctest */,
			);
			name = Products;
			sourceTree = "<group>";
		};
/* End PBXGroup section */

/* Begin PBXNativeTarget section */
		E5ABF9422E0A91DC00E0041B /* MVSep */ = {
			isa = PBXNativeTarget;
			buildConfigurationList = E5ABF9682E0A91DF00E0041B /* Build configuration list for PBXNativeTarget "MVSep" */;
			buildPhases = (
				E5ABF93F2E0A91DC00E0041B /* Sources */,
				E5ABF9402E0A91DC00E0041B /* Frameworks */,
				E5ABF9412E0A91DC00E0041B /* Resources */,
			);
			buildRules = (
			);
			dependencies = (
			);
			fileSystemSynchronizedGroups = (
				E5ABF9452E0A91DC00E0041B /* MVSep */,
			);
			name = MVSep;
			packageProductDependencies = (
			);
			productName = MVSep;
			productReference = E5ABF9432E0A91DC00E0041B /* MVSep.app */;
			productType = "com.apple.product-type.application";
		};
		E5ABF9532E0A91DF00E0041B /* MVSepTests */ = {
			isa = PBXNativeTarget;
			buildConfigurationList = E5ABF96B2E0A91DF00E0041B /* Build configuration list for PBXNativeTarget "MVSepTests" */;
			buildPhases = (
				E5ABF9502E0A91DF00E0041B /* Sources */,
				E5ABF9512E0A91DF00E0041B /* Frameworks */,
				E5ABF9522E0A91DF00E0041B /* Resources */,
			);
			buildRules = (
			);
			dependencies = (
				E5ABF9562E0A91DF00E0041B /* PBXTargetDependency */,
			);
			fileSystemSynchronizedGroups = (
				E5ABF9572E0A91DF00E0041B /* MVSepTests */,
			);
			name = MVSepTests;
			packageProductDependencies = (
			);
			productName = MVSepTests;
			productReference = E5ABF9542E0A91DF00E0041B /* MVSepTests.xctest */;
			productType = "com.apple.product-type.bundle.unit-test";
		};
		E5ABF95D2E0A91DF00E0041B /* MVSepUITests */ = {
			isa = PBXNativeTarget;
			buildConfigurationList = E5ABF96E2E0A91DF00E0041B /* Build configuration list for PBXNativeTarget "MVSepUITests" */;
			buildPhases = (
				E5ABF95A2E0A91DF00E0041B /* Sources */,
				E5ABF95B2E0A91DF00E0041B /* Frameworks */,
				E5ABF95C2E0A91DF00E0041B /* Resources */,
			);
			buildRules = (
			);
			dependencies = (
				E5ABF9602E0A91DF00E0041B /* PBXTargetDependency */,
			);
			fileSystemSynchronizedGroups = (
				E5ABF9612E0A91DF00E0041B /* MVSepUITests */,
			);
			name = MVSepUITests;
			packageProductDependencies = (
			);
			productName = MVSepUITests;
			productReference = E5ABF95E2E0A91DF00E0041B /* MVSepUITests.xctest */;
			productType = "com.apple.product-type.bundle.ui-testing";
		};
/* End PBXNativeTarget section */

/* Begin PBXProject section */
		E5ABF93B2E0A91DC00E0041B /* Project object */ = {
			isa = PBXProject;
			attributes = {
				BuildIndependentTargetsInParallel = 1;
				LastSwiftUpdateCheck = 1620;
				LastUpgradeCheck = 1620;
				TargetAttributes = {
					E5ABF9422E0A91DC00E0041B = {
						CreatedOnToolsVersion = 16.2;
					};
					E5ABF9532E0A91DF00E0041B = {
						CreatedOnToolsVersion = 16.2;
						TestTargetID = E5ABF9422E0A91DC00E0041B;
					};
					E5ABF95D2E0A91DF00E0041B = {
						CreatedOnToolsVersion = 16.2;
						TestTargetID = E5ABF9422E0A91DC00E0041B;
					};
				};
			};
			buildConfigurationList = E5ABF93E2E0A91DC00E0041B /* Build configuration list for PBXProject "MVSep" */;
			developmentRegion = en;
			hasScannedForEncodings = 0;
			knownRegions = (
				en,
				Base,
			);
			mainGroup = E5ABF93A2E0A91DC00E0041B;
			minimizedProjectReferenceProxies = 1;
			preferredProjectObjectVersion = 77;
			productRefGroup = E5ABF9442E0A91DC00E0041B /* Products */;
			projectDirPath = "";
			projectRoot = "";
			targets = (
				E5ABF9422E0A91DC00E0041B /* MVSep */,
				E5ABF9532E0A91DF00E0041B /* MVSepTests */,
				E5ABF95D2E0A91DF00E0041B /* MVSepUITests */,
			);
		};
/* End PBXProject section */

/* Begin PBXResourcesBuildPhase section */
		E5ABF9412E0A91DC00E0041B /* Resources */ = {
			isa = PBXResourcesBuildPhase;
			buildActionMask = 2147483647;
			files = (
			);
			runOnlyForDeploymentPostprocessing = 0;
		};
		E5ABF9522E0A91DF00E0041B /* Resources */ = {
			isa = PBXResourcesBuildPhase;
			buildActionMask = 2147483647;
			files = (
			);
			runOnlyForDeploymentPostprocessing = 0;
		};
		E5ABF95C2E0A91DF00E0041B /* Resources */ = {
			isa = PBXResourcesBuildPhase;
			buildActionMask = 2147483647;
			files = (
			);
			runOnlyForDeploymentPostprocessing = 0;
		};
/* End PBXResourcesBuildPhase section */

/* Begin PBXSourcesBuildPhase section */
		E5ABF93F2E0A91DC00E0041B /* Sources */ = {
			isa = PBXSourcesBuildPhase;
			buildActionMask = 2147483647;
			files = (
			);
			runOnlyForDeploymentPostprocessing = 0;
		};
		E5ABF9502E0A91DF00E0041B /* Sources */ = {
			isa = PBXSourcesBuildPhase;
			buildActionMask = 2147483647;
			files = (
			);
			runOnlyForDeploymentPostprocessing = 0;
		};
		E5ABF95A2E0A91DF00E0041B /* Sources */ = {
			isa = PBXSourcesBuildPhase;
			buildActionMask = 2147483647;
			files = (
			);
			runOnlyForDeploymentPostprocessing = 0;
		};
/* End PBXSourcesBuildPhase section */

/* Begin PBXTargetDependency section */
		E5ABF9562E0A91DF00E0041B /* PBXTargetDependency */ = {
			isa = PBXTargetDependency;
			target = E5ABF9422E0A91DC00E0041B /* MVSep */;
			targetProxy = E5ABF9552E0A91DF00E0041B /* PBXContainerItemProxy */;
		};
		E5ABF9602E0A91DF00E0041B /* PBXTargetDependency */ = {
			isa = PBXTargetDependency;
			target = E5ABF9422E0A91DC00E0041B /* MVSep */;
			targetProxy = E5ABF95F2E0A91DF00E0041B /* PBXContainerItemProxy */;
		};
/* End PBXTargetDependency section */

/* Begin XCBuildConfiguration section */
		E5ABF9662E0A91DF00E0041B /* Debug */ = {
			isa = XCBuildConfiguration;
			buildSettings = {
				ALWAYS_SEARCH_USER_PATHS = NO;
				ASSETCATALOG_COMPILER_GENERATE_SWIFT_ASSET_SYMBOL_EXTENSIONS = YES;
				CLANG_ANALYZER_NONNULL = YES;
				CLANG_ANALYZER_NUMBER_OBJECT_CONVERSION = YES_AGGRESSIVE;
				CLANG_CXX_LANGUAGE_STANDARD = "gnu++20";
				CLANG_ENABLE_MODULES = YES;
				CLANG_ENABLE_OBJC_ARC = YES;
				CLANG_ENABLE_OBJC_WEAK = YES;
				CLANG_WARN_BLOCK_CAPTURE_AUTORELEASING = YES;
				CLANG_WARN_BOOL_CONVERSION = YES;
				CLANG_WARN_COMMA = YES;
				CLANG_WARN_CONSTANT_CONVERSION = YES;
				CLANG_WARN_DEPRECATED_OBJC_IMPLEMENTATIONS = YES;
				CLANG_WARN_DIRECT_OBJC_ISA_USAGE = YES_ERROR;
				CLANG_WARN_DOCUMENTATION_COMMENTS = YES;
				CLANG_WARN_EMPTY_BODY = YES;
				CLANG_WARN_ENUM_CONVERSION = YES;
				CLANG_WARN_INFINITE_RECURSION = YES;
				CLANG_WARN_INT_CONVERSION = YES;
				CLANG_WARN_NON_LITERAL_NULL_CONVERSION = YES;
				CLANG_WARN_OBJC_IMPLICIT_RETAIN_SELF = YES;
				CLANG_WARN_OBJC_LITERAL_CONVERSION = YES;
				CLANG_WARN_OBJC_ROOT_CLASS = YES_ERROR;
				CLANG_WARN_QUOTED_INCLUDE_IN_FRAMEWORK_HEADER = YES;
				CLANG_WARN_RANGE_LOOP_ANALYSIS = YES;
				CLANG_WARN_STRICT_PROTOTYPES = YES;
				CLANG_WARN_SUSPICIOUS_MOVE = YES;
				CLANG_WARN_UNGUARDED_AVAILABILITY = YES_AGGRESSIVE;
				CLANG_WARN_UNREACHABLE_CODE = YES;
				CLANG_WARN__DUPLICATE_METHOD_MATCH = YES;
				COPY_PHASE_STRIP = NO;
				DEBUG_INFORMATION_FORMAT = dwarf;
				ENABLE_STRICT_OBJC_MSGSEND = YES;
				ENABLE_TESTABILITY = YES;
				ENABLE_USER_SCRIPT_SANDBOXING = YES;
				GCC_C_LANGUAGE_STANDARD = gnu17;
				GCC_DYNAMIC_NO_PIC = NO;
				GCC_NO_COMMON_BLOCKS = YES;
				GCC_OPTIMIZATION_LEVEL = 0;
				GCC_PREPROCESSOR_DEFINITIONS = (
					"DEBUG=1",
					"$(inherited)",
				);
				GCC_WARN_64_TO_32_BIT_CONVERSION = YES;
				GCC_WARN_ABOUT_RETURN_TYPE = YES_ERROR;
				GCC_WARN_UNDECLARED_SELECTOR = YES;
				GCC_WARN_UNINITIALIZED_AUTOS = YES_AGGRESSIVE;
				GCC_WARN_UNUSED_FUNCTION = YES;
				GCC_WARN_UNUSED_VARIABLE = YES;
				LOCALIZATION_PREFERS_STRING_CATALOGS = YES;
				MACOSX_DEPLOYMENT_TARGET = 15.1;
				MTL_ENABLE_DEBUG_INFO = INCLUDE_SOURCE;
				MTL_FAST_MATH = YES;
				ONLY_ACTIVE_ARCH = YES;
				SDKROOT = macosx;
				SWIFT_ACTIVE_COMPILATION_CONDITIONS = "DEBUG $(inherited)";
				SWIFT_OPTIMIZATION_LEVEL = "-Onone";
			};
			name = Debug;
		};
		E5ABF9672E0A91DF00E0041B /* Release */ = {
			isa = XCBuildConfiguration;
			buildSettings = {
				ALWAYS_SEARCH_USER_PATHS = NO;
				ASSETCATALOG_COMPILER_GENERATE_SWIFT_ASSET_SYMBOL_EXTENSIONS = YES;
				CLANG_ANALYZER_NONNULL = YES;
				CLANG_ANALYZER_NUMBER_OBJECT_CONVERSION = YES_AGGRESSIVE;
				CLANG_CXX_LANGUAGE_STANDARD = "gnu++20";
				CLANG_ENABLE_MODULES = YES;
				CLANG_ENABLE_OBJC_ARC = YES;
				CLANG_ENABLE_OBJC_WEAK = YES;
				CLANG_WARN_BLOCK_CAPTURE_AUTORELEASING = YES;
				CLANG_WARN_BOOL_CONVERSION = YES;
				CLANG_WARN_COMMA = YES;
				CLANG_WARN_CONSTANT_CONVERSION = YES;
				CLANG_WARN_DEPRECATED_OBJC_IMPLEMENTATIONS = YES;
				CLANG_WARN_DIRECT_OBJC_ISA_USAGE = YES_ERROR;
				CLANG_WARN_DOCUMENTATION_COMMENTS = YES;
				CLANG_WARN_EMPTY_BODY = YES;
				CLANG_WARN_ENUM_CONVERSION = YES;
				CLANG_WARN_INFINITE_RECURSION = YES;
				CLANG_WARN_INT_CONVERSION = YES;
				CLANG_WARN_NON_LITERAL_NULL_CONVERSION = YES;
				CLANG_WARN_OBJC_IMPLICIT_RETAIN_SELF = YES;
				CLANG_WARN_OBJC_LITERAL_CONVERSION = YES;
				CLANG_WARN_OBJC_ROOT_CLASS = YES_ERROR;
				CLANG_WARN_QUOTED_INCLUDE_IN_FRAMEWORK_HEADER = YES;
				CLANG_WARN_RANGE_LOOP_ANALYSIS = YES;
				CLANG_WARN_STRICT_PROTOTYPES = YES;
				CLANG_WARN_SUSPICIOUS_MOVE = YES;
				CLANG_WARN_UNGUARDED_AVAILABILITY = YES_AGGRESSIVE;
				CLANG_WARN_UNREACHABLE_CODE = YES;
				CLANG_WARN__DUPLICATE_METHOD_MATCH = YES;
				COPY_PHASE_STRIP = NO;
				DEBUG_INFORMATION_FORMAT = "dwarf-with-dsym";
				ENABLE_NS_ASSERTIONS = NO;
				ENABLE_STRICT_OBJC_MSGSEND = YES;
				ENABLE_USER_SCRIPT_SANDBOXING = YES;
				GCC_C_LANGUAGE_STANDARD = gnu17;
				GCC_NO_COMMON_BLOCKS = YES;
				GCC_WARN_64_TO_32_BIT_CONVERSION = YES;
				GCC_WARN_ABOUT_RETURN_TYPE = YES_ERROR;
				GCC_WARN_UNDECLARED_SELECTOR = YES;
				GCC_WARN_UNINITIALIZED_AUTOS = YES_AGGRESSIVE;
				GCC_WARN_UNUSED_FUNCTION = YES;
				GCC_WARN_UNUSED_VARIABLE = YES;
				LOCALIZATION_PREFERS_STRING_CATALOGS = YES;
				MACOSX_DEPLOYMENT_TARGET = 15.1;
				MTL_ENABLE_DEBUG_INFO = NO;
				MTL_FAST_MATH = YES;
				SDKROOT = macosx;
				SWIFT_COMPILATION_MODE = wholemodule;
			};
			name = Release;
		};
		E5ABF9692E0A91DF00E0041B /* Debug */ = {
			isa = XCBuildConfiguration;
			buildSettings = {
				ASSETCATALOG_COMPILER_APPICON_NAME = AppIcon;
				ASSETCATALOG_COMPILER_GLOBAL_ACCENT_COLOR_NAME = AccentColor;
				ASSETCATALOG_COMPILER_INCLUDE_ALL_APPICON_ASSETS = YES;
				CODE_SIGN_ENTITLEMENTS = MVSep/MVSep.entitlements;
				CODE_SIGN_STYLE = Manual;
				COMBINE_HIDPI_IMAGES = YES;
				CURRENT_PROJECT_VERSION = 1;
				DEVELOPMENT_ASSET_PATHS = "\"MVSep/Preview Content\"";
				DEVELOPMENT_TEAM = "";
				ENABLE_PREVIEWS = YES;
				GENERATE_INFOPLIST_FILE = YES;
				INFOPLIST_KEY_LSApplicationCategoryType = "public.app-category.music";
				INFOPLIST_KEY_NSHumanReadableCopyright = "";
				LD_RUNPATH_SEARCH_PATHS = (
					"$(inherited)",
					"@executable_path/../Frameworks",
				);
				MACOSX_DEPLOYMENT_TARGET = 14.6;
				MARKETING_VERSION = 1.0;
				PRODUCT_BUNDLE_IDENTIFIER = com.septcoco.MacVSep;
				PRODUCT_NAME = "$(TARGET_NAME)";
				PROVISIONING_PROFILE_SPECIFIER = "";
				SWIFT_EMIT_LOC_STRINGS = YES;
				SWIFT_VERSION = 5.0;
			};
			name = Debug;
		};
		E5ABF96A2E0A91DF00E0041B /* Release */ = {
			isa = XCBuildConfiguration;
			buildSettings = {
				ASSETCATALOG_COMPILER_APPICON_NAME = AppIcon;
				ASSETCATALOG_COMPILER_GLOBAL_ACCENT_COLOR_NAME = AccentColor;
				ASSETCATALOG_COMPILER_INCLUDE_ALL_APPICON_ASSETS = YES;
				CODE_SIGN_ENTITLEMENTS = MVSep/MVSep.entitlements;
				"CODE_SIGN_IDENTITY[sdk=macosx*]" = "-";
				CODE_SIGN_STYLE = Automatic;
				COMBINE_HIDPI_IMAGES = YES;
				CURRENT_PROJECT_VERSION = 1;
				DEVELOPMENT_ASSET_PATHS = "\"MVSep/Preview Content\"";
				DEVELOPMENT_TEAM = "";
				ENABLE_PREVIEWS = YES;
				GENERATE_INFOPLIST_FILE = YES;
				INFOPLIST_KEY_LSApplicationCategoryType = "public.app-category.music";
				INFOPLIST_KEY_NSHumanReadableCopyright = "";
				LD_RUNPATH_SEARCH_PATHS = (
					"$(inherited)",
					"@executable_path/../Frameworks",
				);
				MACOSX_DEPLOYMENT_TARGET = 14.6;
				MARKETING_VERSION = 1.0;
				PRODUCT_BUNDLE_IDENTIFIER = com.septcoco.MacVSep;
				PRODUCT_NAME = "$(TARGET_NAME)";
				SWIFT_EMIT_LOC_STRINGS = YES;
				SWIFT_VERSION = 5.0;
			};
			name = Release;
		};
		E5ABF96C2E0A91DF00E0041B /* Debug */ = {
			isa = XCBuildConfiguration;
			buildSettings = {
				BUNDLE_LOADER = "$(TEST_HOST)";
				CODE_SIGN_STYLE = Automatic;
				CURRENT_PROJECT_VERSION = 1;
				GENERATE_INFOPLIST_FILE = YES;
				MACOSX_DEPLOYMENT_TARGET = 15.1;
				MARKETING_VERSION = 1.0;
				PRODUCT_BUNDLE_IDENTIFIER = com.septcoco.MVSepTests;
				PRODUCT_NAME = "$(TARGET_NAME)";
				SWIFT_EMIT_LOC_STRINGS = NO;
				SWIFT_VERSION = 5.0;
				TEST_HOST = "$(BUILT_PRODUCTS_DIR)/MVSep.app/$(BUNDLE_EXECUTABLE_FOLDER_PATH)/MVSep";
			};
			name = Debug;
		};
		E5ABF96D2E0A91DF00E0041B /* Release */ = {
			isa = XCBuildConfiguration;
			buildSettings = {
				BUNDLE_LOADER = "$(TEST_HOST)";
				CODE_SIGN_STYLE = Automatic;
				CURRENT_PROJECT_VERSION = 1;
				GENERATE_INFOPLIST_FILE = YES;
				MACOSX_DEPLOYMENT_TARGET = 15.1;
				MARKETING_VERSION = 1.0;
				PRODUCT_BUNDLE_IDENTIFIER = com.septcoco.MVSepTests;
				PRODUCT_NAME = "$(TARGET_NAME)";
				SWIFT_EMIT_LOC_STRINGS = NO;
				SWIFT_VERSION = 5.0;
				TEST_HOST = "$(BUILT_PRODUCTS_DIR)/MVSep.app/$(BUNDLE_EXECUTABLE_FOLDER_PATH)/MVSep";
			};
			name = Release;
		};
		E5ABF96F2E0A91DF00E0041B /* Debug */ = {
			isa = XCBuildConfiguration;
			buildSettings = {
				CODE_SIGN_STYLE = Automatic;
				CURRENT_PROJECT_VERSION = 1;
				GENERATE_INFOPLIST_FILE = YES;
				MARKETING_VERSION = 1.0;
				PRODUCT_BUNDLE_IDENTIFIER = com.septcoco.MVSepUITests;
				PRODUCT_NAME = "$(TARGET_NAME)";
				SWIFT_EMIT_LOC_STRINGS = NO;
				SWIFT_VERSION = 5.0;
				TEST_TARGET_NAME = MVSep;
			};
			name = Debug;
		};
		E5ABF9702E0A91DF00E0041B /* Release */ = {
			isa = XCBuildConfiguration;
			buildSettings = {
				CODE_SIGN_STYLE = Automatic;
				CURRENT_PROJECT_VERSION = 1;
				GENERATE_INFOPLIST_FILE = YES;
				MARKETING_VERSION = 1.0;
				PRODUCT_BUNDLE_IDENTIFIER = com.septcoco.MVSepUITests;
				PRODUCT_NAME = "$(TARGET_NAME)";
				SWIFT_EMIT_LOC_STRINGS = NO;
				SWIFT_VERSION = 5.0;
				TEST_TARGET_NAME = MVSep;
			};
			name = Release;
		};
/* End XCBuildConfiguration section */

/* Begin XCConfigurationList section */
		E5ABF93E2E0A91DC00E0041B /* Build configuration list for PBXProject "MVSep" */ = {
			isa = XCConfigurationList;
			buildConfigurations = (
				E5ABF9662E0A91DF00E0041B /* Debug */,
				E5ABF9672E0A91DF00E0041B /* Release */,
			);
			defaultConfigurationIsVisible = 0;
			defaultConfigurationName = Release;
		};
		E5ABF9682E0A91DF00E0041B /* Build configuration list for PBXNativeTarget "MVSep" */ = {
			isa = XCConfigurationList;
			buildConfigurations = (
				E5ABF9692E0A91DF00E0041B /* Debug */,
				E5ABF96A2E0A91DF00E0041B /* Release */,
			);
			defaultConfigurationIsVisible = 0;
			defaultConfigurationName = Release;
		};
		E5ABF96B2E0A91DF00E0041B /* Build configuration list for PBXNativeTarget "MVSepTests" */ = {
			isa = XCConfigurationList;
			buildConfigurations = (
				E5ABF96C2E0A91DF00E0041B /* Debug */,
				E5ABF96D2E0A91DF00E0041B /* Release */,
			);
			defaultConfigurationIsVisible = 0;
			defaultConfigurationName = Release;
		};
		E5ABF96E2E0A91DF00E0041B /* Build configuration list for PBXNativeTarget "MVSepUITests" */ = {
			isa = XCConfigurationList;
			buildConfigurations = (
				E5ABF96F2E0A91DF00E0041B /* Debug */,
				E5ABF9702E0A91DF00E0041B /* Release */,
			);
			defaultConfigurationIsVisible = 0;
			defaultConfigurationName = Release;
		};
/* End XCConfigurationList section */
	};
	rootObject = E5ABF93B2E0A91DC00E0041B /* Project object */;
}
